
Microsoft Visual Studio Solution File, Format Version 12.00
# Visual Studio Version 17
VisualStudioVersion = 17.9.34616.47
MinimumVisualStudioVersion = 10.0.40219.1
Project("{FAE04EC0-301F-11D3-BF4B-00C04F79EFBC}") = "PaymentDemo.Api", "PaymentDemo\PaymentDemo.Api.csproj", "{207CD7F1-2EAB-4CE1-BEE6-EED2562A6CE8}"
EndProject
Project("{FAE04EC0-301F-11D3-BF4B-00C04F79EFBC}") = "PaymentDemo.Manage", "PaymentDemo.Manage\PaymentDemo.Manage.csproj", "{8E70383C-EDCD-4797-9889-1FCE188E448B}"
EndProject
Project("{FAE04EC0-301F-11D3-BF4B-00C04F79EFBC}") = "PaymentDemo.Test", "PaymentDemo.Test\PaymentDemo.Test.csproj", "{40F4BE7E-41DD-4D2B-9F96-9C72AAB1E5D0}"
EndProject
Global
	GlobalSection(SolutionConfigurationPlatforms) = preSolution
		Debug|Any CPU = Debug|Any CPU
		Release|Any CPU = Release|Any CPU
	EndGlobalSection
	GlobalSection(ProjectConfigurationPlatforms) = postSolution
		{207CD7F1-2EAB-4CE1-BEE6-EED2562A6CE8}.Debug|Any CPU.ActiveCfg = Debug|Any CPU
		{207CD7F1-2EAB-4CE1-BEE6-EED2562A6CE8}.Debug|Any CPU.Build.0 = Debug|Any CPU
		{207CD7F1-2EAB-4CE1-BEE6-EED2562A6CE8}.Release|Any CPU.ActiveCfg = Release|Any CPU
		{207CD7F1-2EAB-4CE1-BEE6-EED2562A6CE8}.Release|Any CPU.Build.0 = Release|Any CPU
		{8E70383C-EDCD-4797-9889-1FCE188E448B}.Debug|Any CPU.ActiveCfg = Debug|Any CPU
		{8E70383C-EDCD-4797-9889-1FCE188E448B}.Debug|Any CPU.Build.0 = Debug|Any CPU
		{8E70383C-EDCD-4797-9889-1FCE188E448B}.Release|Any CPU.ActiveCfg = Release|Any CPU
		{8E70383C-EDCD-4797-9889-1FCE188E448B}.Release|Any CPU.Build.0 = Release|Any CPU
		{40F4BE7E-41DD-4D2B-9F96-9C72AAB1E5D0}.Debug|Any CPU.ActiveCfg = Debug|Any CPU
		{40F4BE7E-41DD-4D2B-9F96-9C72AAB1E5D0}.Debug|Any CPU.Build.0 = Debug|Any CPU
		{40F4BE7E-41DD-4D2B-9F96-9C72AAB1E5D0}.Release|Any CPU.ActiveCfg = Release|Any CPU
		{40F4BE7E-41DD-4D2B-9F96-9C72AAB1E5D0}.Release|Any CPU.Build.0 = Release|Any CPU
	EndGlobalSection
	GlobalSection(SolutionProperties) = preSolution
		HideSolutionNode = FALSE
	EndGlobalSection
	GlobalSection(ExtensibilityGlobals) = postSolution
		SolutionGuid = {4430933F-4497-4480-B294-3799345204B7}
	EndGlobalSection
EndGlobal
